// !$*UTF8*$!
{
	archiveVersion = 1;
	classes = {
	};
	objectVersion = 56;
	objects = {

/* Begin PBXBuildFile section */
		77CED7662CF58707005BE317 /* ContactApp.swift in Sources */ = {isa = PBXBuildFile; fileRef = 77CED7652CF58707005BE317 /* ContactApp.swift */; };
		77CED76A2CF5870C005BE317 /* Assets.xcassets in Resources */ = {isa = PBXBuildFile; fileRef = 77CED7692CF5870C005BE317 /* Assets.xcassets */; };
		77CED76D2CF5870C005BE317 /* Preview Assets.xcassets in Resources */ = {isa = PBXBuildFile; fileRef = 77CED76C2CF5870C005BE317 /* Preview Assets.xcassets */; };
		77CED7752CF588BA005BE317 /* Contact.swift in Sources */ = {isa = PBXBuildFile; fileRef = 77CED7742CF588BA005BE317 /* Contact.swift */; };
		77CED7782CF5891E005BE317 /* ContactViewModel.swift in Sources */ = {isa = PBXBuildFile; fileRef = 77CED7772CF5891E005BE317 /* ContactViewModel.swift */; };
		77CED77C2CF58B13005BE317 /* ContactListView.swift in Sources */ = {isa = PBXBuildFile; fileRef = 77CED77B2CF58B13005BE317 /* ContactListView.swift */; };
		77CED77E2CF58FDB005BE317 /* ContactDetailView.swift in Sources */ = {isa = PBXBuildFile; fileRef = 77CED77D2CF58FDB005BE317 /* ContactDetailView.swift */; };
		77CED7802CF59118005BE317 /* AddContactView.swift in Sources */ = {isa = PBXBuildFile; fileRef = 77CED77F2CF59118005BE317 /* AddContactView.swift */; };
		77CED7832CF59600005BE317 /* HTTPClient.swift in Sources */ = {isa = PBXBuildFile; fileRef = 77CED7822CF59600005BE317 /* HTTPClient.swift */; };
		77CED7862CF5962D005BE317 /* ContactRepositoryImpl.swift in Sources */ = {isa = PBXBuildFile; fileRef = 77CED7852CF5962D005BE317 /* ContactRepositoryImpl.swift */; };
		77CED7892CF598F8005BE317 /* ContactRepositoryProtocol.swift in Sources */ = {isa = PBXBuildFile; fileRef = 77CED7882CF598F8005BE317 /* ContactRepositoryProtocol.swift */; };
/* End PBXBuildFile section */

/* Begin PBXFileReference section */
		77CED7622CF58707005BE317 /* Contact.app */ = {isa = PBXFileReference; explicitFileType = wrapper.application; includeInIndex = 0; path = Contact.app; sourceTree = BUILT_PRODUCTS_DIR; };
		77CED7652CF58707005BE317 /* ContactApp.swift */ = {isa = PBXFileReference; lastKnownFileType = sourcecode.swift; path = ContactApp.swift; sourceTree = "<group>"; };
		77CED7692CF5870C005BE317 /* Assets.xcassets */ = {isa = PBXFileReference; lastKnownFileType = folder.assetcatalog; path = Assets.xcassets; sourceTree = "<group>"; };
		77CED76C2CF5870C005BE317 /* Preview Assets.xcassets */ = {isa = PBXFileReference; lastKnownFileType = folder.assetcatalog; path = "Preview Assets.xcassets"; sourceTree = "<group>"; };
		77CED7742CF588BA005BE317 /* Contact.swift */ = {isa = PBXFileReference; lastKnownFileType = sourcecode.swift; path = Contact.swift; sourceTree = "<group>"; };
		77CED7772CF5891E005BE317 /* ContactViewModel.swift */ = {isa = PBXFileReference; lastKnownFileType = sourcecode.swift; path = ContactViewModel.swift; sourceTree = "<group>"; };
		77CED77B2CF58B13005BE317 /* ContactListView.swift */ = {isa = PBXFileReference; lastKnownFileType = sourcecode.swift; path = ContactListView.swift; sourceTree = "<group>"; };
		77CED77D2CF58FDB005BE317 /* ContactDetailView.swift */ = {isa = PBXFileReference; lastKnownFileType = sourcecode.swift; path = ContactDetailView.swift; sourceTree = "<group>"; };
		77CED77F2CF59118005BE317 /* AddContactView.swift */ = {isa = PBXFileReference; lastKnownFileType = sourcecode.swift; path = AddContactView.swift; sourceTree = "<group>"; };
		77CED7822CF59600005BE317 /* HTTPClient.swift */ = {isa = PBXFileReference; lastKnownFileType = sourcecode.swift; path = HTTPClient.swift; sourceTree = "<group>"; };
		77CED7852CF5962D005BE317 /* ContactRepositoryImpl.swift */ = {isa = PBXFileReference; lastKnownFileType = sourcecode.swift; path = ContactRepositoryImpl.swift; sourceTree = "<group>"; };
		77CED7882CF598F8005BE317 /* ContactRepositoryProtocol.swift */ = {isa = PBXFileReference; lastKnownFileType = sourcecode.swift; path = ContactRepositoryProtocol.swift; sourceTree = "<group>"; };
/* End PBXFileReference section */

/* Begin PBXFrameworksBuildPhase section */
		77CED75F2CF58707005BE317 /* Frameworks */ = {
			isa = PBXFrameworksBuildPhase;
			buildActionMask = 2147483647;
			files = (
			);
			runOnlyForDeploymentPostprocessing = 0;
		};
/* End PBXFrameworksBuildPhase section */

/* Begin PBXGroup section */
		77CED7592CF58707005BE317 = {
			isa = PBXGroup;
			children = (
				77CED7642CF58707005BE317 /* Contact */,
				77CED7632CF58707005BE317 /* Products */,
			);
			sourceTree = "<group>";
		};
		77CED7632CF58707005BE317 /* Products */ = {
			isa = PBXGroup;
			children = (
				77CED7622CF58707005BE317 /* Contact.app */,
			);
			name = Products;
			sourceTree = "<group>";
		};
		77CED7642CF58707005BE317 /* Contact */ = {
			isa = PBXGroup;
			children = (
				77CED7842CF59618005BE317 /* Repositories */,
				77CED7812CF59543005BE317 /* Client */,
				77CED7792CF58A34005BE317 /* Views */,
				77CED7762CF5890A005BE317 /* ViewModels */,
				77CED7732CF58898005BE317 /* Models */,
				77CED7652CF58707005BE317 /* ContactApp.swift */,
				77CED7692CF5870C005BE317 /* Assets.xcassets */,
				77CED76B2CF5870C005BE317 /* Preview Content */,
			);
			path = Contact;
			sourceTree = "<group>";
		};
		77CED76B2CF5870C005BE317 /* Preview Content */ = {
			isa = PBXGroup;
			children = (
				77CED76C2CF5870C005BE317 /* Preview Assets.xcassets */,
			);
			path = "Preview Content";
			sourceTree = "<group>";
		};
		77CED7732CF58898005BE317 /* Models */ = {
			isa = PBXGroup;
			children = (
				77CED7742CF588BA005BE317 /* Contact.swift */,
			);
			path = Models;
			sourceTree = "<group>";
		};
		77CED7762CF5890A005BE317 /* ViewModels */ = {
			isa = PBXGroup;
			children = (
				77CED7772CF5891E005BE317 /* ContactViewModel.swift */,
			);
			path = ViewModels;
			sourceTree = "<group>";
		};
		77CED7792CF58A34005BE317 /* Views */ = {
			isa = PBXGroup;
			children = (
				77CED77B2CF58B13005BE317 /* ContactListView.swift */,
				77CED77F2CF59118005BE317 /* AddContactView.swift */,
				77CED77D2CF58FDB005BE317 /* ContactDetailView.swift */,
			);
			path = Views;
			sourceTree = "<group>";
		};
		77CED7812CF59543005BE317 /* Client */ = {
			isa = PBXGroup;
			children = (
				77CED7822CF59600005BE317 /* HTTPClient.swift */,
			);
			path = Client;
			sourceTree = "<group>";
		};
		77CED7842CF59618005BE317 /* Repositories */ = {
			isa = PBXGroup;
			children = (
				77CED7872CF598C2005BE317 /* Contact */,
			);
			path = Repositories;
			sourceTree = "<group>";
		};
		77CED7872CF598C2005BE317 /* Contact */ = {
			isa = PBXGroup;
			children = (
				77CED7852CF5962D005BE317 /* ContactRepositoryImpl.swift */,
				77CED7882CF598F8005BE317 /* ContactRepositoryProtocol.swift */,
			);
			path = Contact;
			sourceTree = "<group>";
		};
/* End PBXGroup section */

/* Begin PBXNativeTarget section */
		77CED7612CF58707005BE317 /* Contact */ = {
			isa = PBXNativeTarget;
			buildConfigurationList = 77CED7702CF5870C005BE317 /* Build configuration list for PBXNativeTarget "Contact" */;
			buildPhases = (
				77CED75E2CF58707005BE317 /* Sources */,
				77CED75F2CF58707005BE317 /* Frameworks */,
				77CED7602CF58707005BE317 /* Resources */,
			);
			buildRules = (
			);
			dependencies = (
			);
			name = Contact;
			productName = ContactApp;
			productReference = 77CED7622CF58707005BE317 /* Contact.app */;
			productType = "com.apple.product-type.application";
		};
/* End PBXNativeTarget section */

/* Begin PBXProject section */
		77CED75A2CF58707005BE317 /* Project object */ = {
			isa = PBXProject;
			attributes = {
				BuildIndependentTargetsInParallel = 1;
				LastSwiftUpdateCheck = 1520;
				LastUpgradeCheck = 1520;
				TargetAttributes = {
					77CED7612CF58707005BE317 = {
						CreatedOnToolsVersion = 15.2;
					};
				};
			};
			buildConfigurationList = 77CED75D2CF58707005BE317 /* Build configuration list for PBXProject "Contact" */;
			compatibilityVersion = "Xcode 14.0";
			developmentRegion = en;
			hasScannedForEncodings = 0;
			knownRegions = (
				en,
				Base,
			);
			mainGroup = 77CED7592CF58707005BE317;
			productRefGroup = 77CED7632CF58707005BE317 /* Products */;
			projectDirPath = "";
			projectRoot = "";
			targets = (
				77CED7612CF58707005BE317 /* Contact */,
			);
		};
/* End PBXProject section */

/* Begin PBXResourcesBuildPhase section */
		77CED7602CF58707005BE317 /* Resources */ = {
			isa = PBXResourcesBuildPhase;
			buildActionMask = 2147483647;
			files = (
				77CED76D2CF5870C005BE317 /* Preview Assets.xcassets in Resources */,
				77CED76A2CF5870C005BE317 /* Assets.xcassets in Resources */,
			);
			runOnlyForDeploymentPostprocessing = 0;
		};
/* End PBXResourcesBuildPhase section */

/* Begin PBXSourcesBuildPhase section */
		77CED75E2CF58707005BE317 /* Sources */ = {
			isa = PBXSourcesBuildPhase;
			buildActionMask = 2147483647;
			files = (
				77CED7752CF588BA005BE317 /* Contact.swift in Sources */,
				77CED7782CF5891E005BE317 /* ContactViewModel.swift in Sources */,
				77CED7662CF58707005BE317 /* ContactApp.swift in Sources */,
				77CED7832CF59600005BE317 /* HTTPClient.swift in Sources */,
				77CED7802CF59118005BE317 /* AddContactView.swift in Sources */,
				77CED77C2CF58B13005BE317 /* ContactListView.swift in Sources */,
				77CED7862CF5962D005BE317 /* ContactRepositoryImpl.swift in Sources */,
				77CED77E2CF58FDB005BE317 /* ContactDetailView.swift in Sources */,
				77CED7892CF598F8005BE317 /* ContactRepositoryProtocol.swift in Sources */,
			);
			runOnlyForDeploymentPostprocessing = 0;
		};
/* End PBXSourcesBuildPhase section */

/* Begin XCBuildConfiguration section */
		77CED76E2CF5870C005BE317 /* Debug */ = {
			isa = XCBuildConfiguration;
			buildSettings = {
				ALWAYS_SEARCH_USER_PATHS = NO;
				ASSETCATALOG_COMPILER_GENERATE_SWIFT_ASSET_SYMBOL_EXTENSIONS = YES;
				CLANG_ANALYZER_NONNULL = YES;
				CLANG_ANALYZER_NUMBER_OBJECT_CONVERSION = YES_AGGRESSIVE;
				CLANG_CXX_LANGUAGE_STANDARD = "gnu++20";
				CLANG_ENABLE_MODULES = YES;
				CLANG_ENABLE_OBJC_ARC = YES;
				CLANG_ENABLE_OBJC_WEAK = YES;
				CLANG_WARN_BLOCK_CAPTURE_AUTORELEASING = YES;
				CLANG_WARN_BOOL_CONVERSION = YES;
				CLANG_WARN_COMMA = YES;
				CLANG_WARN_CONSTANT_CONVERSION = YES;
				CLANG_WARN_DEPRECATED_OBJC_IMPLEMENTATIONS = YES;
				CLANG_WARN_DIRECT_OBJC_ISA_USAGE = YES_ERROR;
				CLANG_WARN_DOCUMENTATION_COMMENTS = YES;
				CLANG_WARN_EMPTY_BODY = YES;
				CLANG_WARN_ENUM_CONVERSION = YES;
				CLANG_WARN_INFINITE_RECURSION = YES;
				CLANG_WARN_INT_CONVERSION = YES;
				CLANG_WARN_NON_LITERAL_NULL_CONVERSION = YES;
				CLANG_WARN_OBJC_IMPLICIT_RETAIN_SELF = YES;
				CLANG_WARN_OBJC_LITERAL_CONVERSION = YES;
				CLANG_WARN_OBJC_ROOT_CLASS = YES_ERROR;
				CLANG_WARN_QUOTED_INCLUDE_IN_FRAMEWORK_HEADER = YES;
				CLANG_WARN_RANGE_LOOP_ANALYSIS = YES;
				CLANG_WARN_STRICT_PROTOTYPES = YES;
				CLANG_WARN_SUSPICIOUS_MOVE = YES;
				CLANG_WARN_UNGUARDED_AVAILABILITY = YES_AGGRESSIVE;
				CLANG_WARN_UNREACHABLE_CODE = YES;
				CLANG_WARN__DUPLICATE_METHOD_MATCH = YES;
				COPY_PHASE_STRIP = NO;
				DEBUG_INFORMATION_FORMAT = dwarf;
				ENABLE_STRICT_OBJC_MSGSEND = YES;
				ENABLE_TESTABILITY = YES;
				ENABLE_USER_SCRIPT_SANDBOXING = YES;
				GCC_C_LANGUAGE_STANDARD = gnu17;
				GCC_DYNAMIC_NO_PIC = NO;
				GCC_NO_COMMON_BLOCKS = YES;
				GCC_OPTIMIZATION_LEVEL = 0;
				GCC_PREPROCESSOR_DEFINITIONS = (
					"DEBUG=1",
					"$(inherited)",
				);
				GCC_WARN_64_TO_32_BIT_CONVERSION = YES;
				GCC_WARN_ABOUT_RETURN_TYPE = YES_ERROR;
				GCC_WARN_UNDECLARED_SELECTOR = YES;
				GCC_WARN_UNINITIALIZED_AUTOS = YES_AGGRESSIVE;
				GCC_WARN_UNUSED_FUNCTION = YES;
				GCC_WARN_UNUSED_VARIABLE = YES;
				IPHONEOS_DEPLOYMENT_TARGET = 17.2;
				LOCALIZATION_PREFERS_STRING_CATALOGS = YES;
				MTL_ENABLE_DEBUG_INFO = INCLUDE_SOURCE;
				MTL_FAST_MATH = YES;
				ONLY_ACTIVE_ARCH = YES;
				SDKROOT = iphoneos;
				SWIFT_ACTIVE_COMPILATION_CONDITIONS = "DEBUG $(inherited)";
				SWIFT_OPTIMIZATION_LEVEL = "-Onone";
			};
			name = Debug;
		};
		77CED76F2CF5870C005BE317 /* Release */ = {
			isa = XCBuildConfiguration;
			buildSettings = {
				ALWAYS_SEARCH_USER_PATHS = NO;
				ASSETCATALOG_COMPILER_GENERATE_SWIFT_ASSET_SYMBOL_EXTENSIONS = YES;
				CLANG_ANALYZER_NONNULL = YES;
				CLANG_ANALYZER_NUMBER_OBJECT_CONVERSION = YES_AGGRESSIVE;
				CLANG_CXX_LANGUAGE_STANDARD = "gnu++20";
				CLANG_ENABLE_MODULES = YES;
				CLANG_ENABLE_OBJC_ARC = YES;
				CLANG_ENABLE_OBJC_WEAK = YES;
				CLANG_WARN_BLOCK_CAPTURE_AUTORELEASING = YES;
				CLANG_WARN_BOOL_CONVERSION = YES;
				CLANG_WARN_COMMA = YES;
				CLANG_WARN_CONSTANT_CONVERSION = YES;
				CLANG_WARN_DEPRECATED_OBJC_IMPLEMENTATIONS = YES;
				CLANG_WARN_DIRECT_OBJC_ISA_USAGE = YES_ERROR;
				CLANG_WARN_DOCUMENTATION_COMMENTS = YES;
				CLANG_WARN_EMPTY_BODY = YES;
				CLANG_WARN_ENUM_CONVERSION = YES;
				CLANG_WARN_INFINITE_RECURSION = YES;
				CLANG_WARN_INT_CONVERSION = YES;
				CLANG_WARN_NON_LITERAL_NULL_CONVERSION = YES;
				CLANG_WARN_OBJC_IMPLICIT_RETAIN_SELF = YES;
				CLANG_WARN_OBJC_LITERAL_CONVERSION = YES;
				CLANG_WARN_OBJC_ROOT_CLASS = YES_ERROR;
				CLANG_WARN_QUOTED_INCLUDE_IN_FRAMEWORK_HEADER = YES;
				CLANG_WARN_RANGE_LOOP_ANALYSIS = YES;
				CLANG_WARN_STRICT_PROTOTYPES = YES;
				CLANG_WARN_SUSPICIOUS_MOVE = YES;
				CLANG_WARN_UNGUARDED_AVAILABILITY = YES_AGGRESSIVE;
				CLANG_WARN_UNREACHABLE_CODE = YES;
				CLANG_WARN__DUPLICATE_METHOD_MATCH = YES;
				COPY_PHASE_STRIP = NO;
				DEBUG_INFORMATION_FORMAT = "dwarf-with-dsym";
				ENABLE_NS_ASSERTIONS = NO;
				ENABLE_STRICT_OBJC_MSGSEND = YES;
				ENABLE_USER_SCRIPT_SANDBOXING = YES;
				GCC_C_LANGUAGE_STANDARD = gnu17;
				GCC_NO_COMMON_BLOCKS = YES;
				GCC_WARN_64_TO_32_BIT_CONVERSION = YES;
				GCC_WARN_ABOUT_RETURN_TYPE = YES_ERROR;
				GCC_WARN_UNDECLARED_SELECTOR = YES;
				GCC_WARN_UNINITIALIZED_AUTOS = YES_AGGRESSIVE;
				GCC_WARN_UNUSED_FUNCTION = YES;
				GCC_WARN_UNUSED_VARIABLE = YES;
				IPHONEOS_DEPLOYMENT_TARGET = 17.2;
				LOCALIZATION_PREFERS_STRING_CATALOGS = YES;
				MTL_ENABLE_DEBUG_INFO = NO;
				MTL_FAST_MATH = YES;
				SDKROOT = iphoneos;
				SWIFT_COMPILATION_MODE = wholemodule;
				VALIDATE_PRODUCT = YES;
			};
			name = Release;
		};
		77CED7712CF5870C005BE317 /* Debug */ = {
			isa = XCBuildConfiguration;
			buildSettings = {
				ASSETCATALOG_COMPILER_APPICON_NAME = AppIcon;
				ASSETCATALOG_COMPILER_GLOBAL_ACCENT_COLOR_NAME = AccentColor;
				CODE_SIGN_STYLE = Automatic;
				CURRENT_PROJECT_VERSION = 1;
				DEVELOPMENT_ASSET_PATHS = "\"Contact/Preview Content\"";
				ENABLE_PREVIEWS = YES;
				GENERATE_INFOPLIST_FILE = YES;
				INFOPLIST_KEY_UIApplicationSceneManifest_Generation = YES;
				INFOPLIST_KEY_UIApplicationSupportsIndirectInputEvents = YES;
				INFOPLIST_KEY_UILaunchScreen_Generation = YES;
				INFOPLIST_KEY_UISupportedInterfaceOrientations_iPad = "UIInterfaceOrientationPortrait UIInterfaceOrientationPortraitUpsideDown UIInterfaceOrientationLandscapeLeft UIInterfaceOrientationLandscapeRight";
				INFOPLIST_KEY_UISupportedInterfaceOrientations_iPhone = "UIInterfaceOrientationPortrait UIInterfaceOrientationLandscapeLeft UIInterfaceOrientationLandscapeRight";
				LD_RUNPATH_SEARCH_PATHS = (
					"$(inherited)",
					"@executable_path/Frameworks",
				);
				MARKETING_VERSION = 1.0;
				PRODUCT_BUNDLE_IDENTIFIER = id.kirara.learn.ContactApp;
				PRODUCT_NAME = "$(TARGET_NAME)";
				SWIFT_EMIT_LOC_STRINGS = YES;
				SWIFT_VERSION = 5.0;
				TARGETED_DEVICE_FAMILY = "1,2";
			};
			name = Debug;
		};
		77CED7722CF5870C005BE317 /* Release */ = {
			isa = XCBuildConfiguration;
			buildSettings = {
				ASSETCATALOG_COMPILER_APPICON_NAME = AppIcon;
				ASSETCATALOG_COMPILER_GLOBAL_ACCENT_COLOR_NAME = AccentColor;
				CODE_SIGN_STYLE = Automatic;
				CURRENT_PROJECT_VERSION = 1;
				DEVELOPMENT_ASSET_PATHS = "\"Contact/Preview Content\"";
				ENABLE_PREVIEWS = YES;
				GENERATE_INFOPLIST_FILE = YES;
				INFOPLIST_KEY_UIApplicationSceneManifest_Generation = YES;
				INFOPLIST_KEY_UIApplicationSupportsIndirectInputEvents = YES;
				INFOPLIST_KEY_UILaunchScreen_Generation = YES;
				INFOPLIST_KEY_UISupportedInterfaceOrientations_iPad = "UIInterfaceOrientationPortrait UIInterfaceOrientationPortraitUpsideDown UIInterfaceOrientationLandscapeLeft UIInterfaceOrientationLandscapeRight";
				INFOPLIST_KEY_UISupportedInterfaceOrientations_iPhone = "UIInterfaceOrientationPortrait UIInterfaceOrientationLandscapeLeft UIInterfaceOrientationLandscapeRight";
				LD_RUNPATH_SEARCH_PATHS = (
					"$(inherited)",
					"@executable_path/Frameworks",
				);
				MARKETING_VERSION = 1.0;
				PRODUCT_BUNDLE_IDENTIFIER = id.kirara.learn.ContactApp;
				PRODUCT_NAME = "$(TARGET_NAME)";
				SWIFT_EMIT_LOC_STRINGS = YES;
				SWIFT_VERSION = 5.0;
				TARGETED_DEVICE_FAMILY = "1,2";
			};
			name = Release;
		};
/* End XCBuildConfiguration section */

/* Begin XCConfigurationList section */
		77CED75D2CF58707005BE317 /* Build configuration list for PBXProject "Contact" */ = {
			isa = XCConfigurationList;
			buildConfigurations = (
				77CED76E2CF5870C005BE317 /* Debug */,
				77CED76F2CF5870C005BE317 /* Release */,
			);
			defaultConfigurationIsVisible = 0;
			defaultConfigurationName = Release;
		};
		77CED7702CF5870C005BE317 /* Build configuration list for PBXNativeTarget "Contact" */ = {
			isa = XCConfigurationList;
			buildConfigurations = (
				77CED7712CF5870C005BE317 /* Debug */,
				77CED7722CF5870C005BE317 /* Release */,
			);
			defaultConfigurationIsVisible = 0;
			defaultConfigurationName = Release;
		};
/* End XCConfigurationList section */
	};
	rootObject = 77CED75A2CF58707005BE317 /* Project object */;
}
